PODS:
  - Google-Mobile-Ads-SDK (11.8.0):
    - GoogleUserMessagingPlatform (>= 1.1)
  - GoogleUserMessagingPlatform (2.5.0)

DEPENDENCIES:
  - Google-Mobile-Ads-SDK

SPEC REPOS:
  trunk:
    - Google-Mobile-Ads-SDK
    - GoogleUserMessagingPlatform

SPEC CHECKSUMS:
  Google-Mobile-Ads-SDK: c1c53687b572122c5b0bdaf354335bbf40fd81ef
  GoogleUserMessagingPlatform: 6b4f48a370e77ce121d034c908cc6ee4fdafaf13

PODFILE CHECKSUM: 5a2a611eabef12998f6a14eec7e90a0fab2600a3

COCOAPODS: 1.16.2
