// !$*UTF8*$!
{
	archiveVersion = 1;
	classes = {
	};
	objectVersion = 56;
	objects = {

/* Begin PBXBuildFile section */
		802D279E91F933086746D45E /* Pods_BitcoinBlockExplorer.framework in Frameworks */ = {isa = PBXBuildFile; fileRef = 9F72E7CEB2FCE47A9CE9A0FB /* Pods_BitcoinBlockExplorer.framework */; };
		9B1243832A16579700B9A4AF /* MempoolBlocksView.swift in Sources */ = {isa = PBXBuildFile; fileRef = 9B1243822A16579700B9A4AF /* MempoolBlocksView.swift */; };
		9B1243852A165BF700B9A4AF /* BoxTransactions.swift in Sources */ = {isa = PBXBuildFile; fileRef = 9B1243842A165BF700B9A4AF /* BoxTransactions.swift */; };
		9B1243872A166AC000B9A4AF /* EachTransaction.swift in Sources */ = {isa = PBXBuildFile; fileRef = 9B1243862A166AC000B9A4AF /* EachTransaction.swift */; };
		9B12438B2A16BD6C00B9A4AF /* TransactionsModel.swift in Sources */ = {isa = PBXBuildFile; fileRef = 9B12438A2A16BD6C00B9A4AF /* TransactionsModel.swift */; };
		9B2321EA2B84E279000BFBA9 /* CurrencyModel.swift in Sources */ = {isa = PBXBuildFile; fileRef = 9B2321E92B84E279000BFBA9 /* CurrencyModel.swift */; };
		9B2321EC2B84E3EB000BFBA9 /* CurrencyView.swift in Sources */ = {isa = PBXBuildFile; fileRef = 9B2321EB2B84E3EB000BFBA9 /* CurrencyView.swift */; };
		9B2321EE2B84E967000BFBA9 /* FormatCoin.swift in Sources */ = {isa = PBXBuildFile; fileRef = 9B2321ED2B84E967000BFBA9 /* FormatCoin.swift */; };
		9B2321F12B851181000BFBA9 /* CurrencyViewModel.swift in Sources */ = {isa = PBXBuildFile; fileRef = 9B2321F02B851181000BFBA9 /* CurrencyViewModel.swift */; };
		9B2321F32B851866000BFBA9 /* ConfigurationsView.swift in Sources */ = {isa = PBXBuildFile; fileRef = 9B2321F22B851866000BFBA9 /* ConfigurationsView.swift */; };
		9B23E5DF2A51E6F9007045A6 /* LastBlockViewModel.swift in Sources */ = {isa = PBXBuildFile; fileRef = 9B23E5DE2A51E6F9007045A6 /* LastBlockViewModel.swift */; };
		9B27E7162A12A8D000E8036E /* Fee.swift in Sources */ = {isa = PBXBuildFile; fileRef = 9B27E7152A12A8D000E8036E /* Fee.swift */; };
		9B2BC8E22A12C54700735A8D /* Block.swift in Sources */ = {isa = PBXBuildFile; fileRef = 9B2BC8E12A12C54700735A8D /* Block.swift */; };
		9B2BC8EE2A13F70600735A8D /* SearchView.swift in Sources */ = {isa = PBXBuildFile; fileRef = 9B2BC8ED2A13F70600735A8D /* SearchView.swift */; };
		9B2BC8F22A13FE5900735A8D /* BlockchainView.swift in Sources */ = {isa = PBXBuildFile; fileRef = 9B2BC8F12A13FE5900735A8D /* BlockchainView.swift */; };
		9B2BC8F42A15487900735A8D /* TransactionData.swift in Sources */ = {isa = PBXBuildFile; fileRef = 9B2BC8F32A15487900735A8D /* TransactionData.swift */; };
		9B2BC8F62A1548F900735A8D /* EveryTransactionsModel.swift in Sources */ = {isa = PBXBuildFile; fileRef = 9B2BC8F52A1548F900735A8D /* EveryTransactionsModel.swift */; };
		9B2BC8FD2A155C1F00735A8D /* EachBlock.swift in Sources */ = {isa = PBXBuildFile; fileRef = 9B2BC8FC2A155C1F00735A8D /* EachBlock.swift */; };
		9B3514882D2F41970034FF98 /* StoreKit.framework in Frameworks */ = {isa = PBXBuildFile; fileRef = 9B3514872D2F41970034FF98 /* StoreKit.framework */; };
		9B35148C2D2F42160034FF98 /* BitcoinStoreKitConfiguration.storekit in Resources */ = {isa = PBXBuildFile; fileRef = 9B35148B2D2F42160034FF98 /* BitcoinStoreKitConfiguration.storekit */; };
		9B3514912D2F45180034FF98 /* StoreKitView.swift in Sources */ = {isa = PBXBuildFile; fileRef = 9B3514902D2F45180034FF98 /* StoreKitView.swift */; };
		9B3852D62B7C2B2300E2D576 /* Localizable.xcstrings in Resources */ = {isa = PBXBuildFile; fileRef = 9B3852D52B7C2B2300E2D576 /* Localizable.xcstrings */; };
		9B43726D2A1CDFAA00DFE211 /* EachAddressView.swift in Sources */ = {isa = PBXBuildFile; fileRef = 9B43726C2A1CDFAA00DFE211 /* EachAddressView.swift */; };
		9B43726F2A1CE66000DFE211 /* AddressDataHeader.swift in Sources */ = {isa = PBXBuildFile; fileRef = 9B43726E2A1CE66000DFE211 /* AddressDataHeader.swift */; };
		9B4372712A1CE88900DFE211 /* AddressHeaderModel.swift in Sources */ = {isa = PBXBuildFile; fileRef = 9B4372702A1CE88900DFE211 /* AddressHeaderModel.swift */; };
		9B4372742A1CFD7600DFE211 /* ValidateSearch.swift in Sources */ = {isa = PBXBuildFile; fileRef = 9B4372732A1CFD7600DFE211 /* ValidateSearch.swift */; };
		9B4372762A1D2C1800DFE211 /* AddressDataTransactions.swift in Sources */ = {isa = PBXBuildFile; fileRef = 9B4372752A1D2C1800DFE211 /* AddressDataTransactions.swift */; };
		9B4BE3642A17BBA000050C33 /* EachTransactionData.swift in Sources */ = {isa = PBXBuildFile; fileRef = 9B4BE3632A17BBA000050C33 /* EachTransactionData.swift */; };
		9B5564452B962FE3007AEA55 /* NavigationTitleModifier.swift in Sources */ = {isa = PBXBuildFile; fileRef = 9B5564442B962FE3007AEA55 /* NavigationTitleModifier.swift */; };
		9B5689ED2B7CEFF10009A751 /* Texts.swift in Sources */ = {isa = PBXBuildFile; fileRef = 9B5689EC2B7CEFF10009A751 /* Texts.swift */; };
		9B57DC352D3F2EEF00A810F5 /* TesteStoreKit.swift in Sources */ = {isa = PBXBuildFile; fileRef = 9B57DC342D3F2EEA00A810F5 /* TesteStoreKit.swift */; };
		9B57DC582D3F38C200A810F5 /* APIHandler.swift in Sources */ = {isa = PBXBuildFile; fileRef = 9B57DC572D3F38BC00A810F5 /* APIHandler.swift */; };
		9B57DC5A2D3F3AB400A810F5 /* BlockchainViewModel.swift in Sources */ = {isa = PBXBuildFile; fileRef = 9B57DC592D3F3AAE00A810F5 /* BlockchainViewModel.swift */; };
		9B65DF652D466DED007517B7 /* Endpoint.swift in Sources */ = {isa = PBXBuildFile; fileRef = 9B65DF642D466DE2007517B7 /* Endpoint.swift */; };
		9B65DF672D4678A0007517B7 /* Mempool.swift in Sources */ = {isa = PBXBuildFile; fileRef = 9B65DF662D46789B007517B7 /* Mempool.swift */; };
		9B925AB22C74382A00A754C1 /* AdBannerView.swift in Sources */ = {isa = PBXBuildFile; fileRef = 9B925AB12C74382A00A754C1 /* AdBannerView.swift */; };
		9BADB8F92D4CFF91007D0535 /* Hashrate.swift in Sources */ = {isa = PBXBuildFile; fileRef = 9BADB8F82D4CFF8E007D0535 /* Hashrate.swift */; };
		9BADB8FC2D4D0124007D0535 /* HashrateView.swift in Sources */ = {isa = PBXBuildFile; fileRef = 9BADB8FB2D4D0124007D0535 /* HashrateView.swift */; };
		9BADB8FE2D4D11FB007D0535 /* BlockReward.swift in Sources */ = {isa = PBXBuildFile; fileRef = 9BADB8FD2D4D11EE007D0535 /* BlockReward.swift */; };
		9BADB9042D4D13D0007D0535 /* BlockRewardView.swift in Sources */ = {isa = PBXBuildFile; fileRef = 9BADB9032D4D13D0007D0535 /* BlockRewardView.swift */; };
		9BADB9072D4DA0E0007D0535 /* DifficultyAdjustment.swift in Sources */ = {isa = PBXBuildFile; fileRef = 9BADB9062D4DA0D1007D0535 /* DifficultyAdjustment.swift */; };
		9BADB9092D4DA3D6007D0535 /* DifficultyAdjustmentView.swift in Sources */ = {isa = PBXBuildFile; fileRef = 9BADB9082D4DA3D6007D0535 /* DifficultyAdjustmentView.swift */; };
		9BB0E8732D4162F100C6777A /* SheetToolbarModifier.swift in Sources */ = {isa = PBXBuildFile; fileRef = 9BB0E8722D4162D900C6777A /* SheetToolbarModifier.swift */; };
		9BB0E8772D41684300C6777A /* EachBlockViewModel.swift in Sources */ = {isa = PBXBuildFile; fileRef = 9BB0E8762D41683D00C6777A /* EachBlockViewModel.swift */; };
		9BC226122A0C68CA0069FDEB /* BitcoinBlockExplorerApp.swift in Sources */ = {isa = PBXBuildFile; fileRef = 9BC226112A0C68CA0069FDEB /* BitcoinBlockExplorerApp.swift */; };
		9BC226142A0C68CA0069FDEB /* ContentView.swift in Sources */ = {isa = PBXBuildFile; fileRef = 9BC226132A0C68CA0069FDEB /* ContentView.swift */; };
		9BC226162A0C68CB0069FDEB /* Assets.xcassets in Resources */ = {isa = PBXBuildFile; fileRef = 9BC226152A0C68CB0069FDEB /* Assets.xcassets */; };
		9BC226192A0C68CB0069FDEB /* Preview Assets.xcassets in Resources */ = {isa = PBXBuildFile; fileRef = 9BC226182A0C68CB0069FDEB /* Preview Assets.xcassets */; };
		9BC487A62C1B8C89007E975A /* BitcoinWalletView.swift in Sources */ = {isa = PBXBuildFile; fileRef = 9BC487A52C1B8C89007E975A /* BitcoinWalletView.swift */; };
		9BC487A82C1B8CC0007E975A /* LightningWalletView.swift in Sources */ = {isa = PBXBuildFile; fileRef = 9BC487A72C1B8CC0007E975A /* LightningWalletView.swift */; };
		9BD669022D4AA6D1001709D1 /* Halvings.swift in Sources */ = {isa = PBXBuildFile; fileRef = 9BD669012D4AA6C9001709D1 /* Halvings.swift */; };
		9BD669042D4BB376001709D1 /* HalvingView.swift in Sources */ = {isa = PBXBuildFile; fileRef = 9BD669032D4BB376001709D1 /* HalvingView.swift */; };
		9BD669072D4C3DD1001709D1 /* Extensions.swift in Sources */ = {isa = PBXBuildFile; fileRef = 9BD669062D4C3DC1001709D1 /* Extensions.swift */; };
		9BD6690A2D4C4776001709D1 /* FullNode.swift in Sources */ = {isa = PBXBuildFile; fileRef = 9BD669092D4C4771001709D1 /* FullNode.swift */; };
		9BD6690D2D4C4901001709D1 /* FullNodesView.swift in Sources */ = {isa = PBXBuildFile; fileRef = 9BD6690C2D4C4901001709D1 /* FullNodesView.swift */; };
		9BEEAC9E2C8F799C00E2E120 /* BlockchainFeeViewComponent.swift in Sources */ = {isa = PBXBuildFile; fileRef = 9BEEAC9D2C8F799C00E2E120 /* BlockchainFeeViewComponent.swift */; };
		9BEEACA02C8F7B0500E2E120 /* BitcoinPriceViewComponent.swift in Sources */ = {isa = PBXBuildFile; fileRef = 9BEEAC9F2C8F7B0500E2E120 /* BitcoinPriceViewComponent.swift */; };
		9BEEACA22C8F7C0200E2E120 /* TextsFeesViewComponent.swift in Sources */ = {isa = PBXBuildFile; fileRef = 9BEEACA12C8F7C0200E2E120 /* TextsFeesViewComponent.swift */; };
		9BEEACA42C8F85DE00E2E120 /* AdViewComponent.swift in Sources */ = {isa = PBXBuildFile; fileRef = 9BEEACA32C8F85DE00E2E120 /* AdViewComponent.swift */; };
		9BEEACA62C8F870A00E2E120 /* NavigationBarModifier.swift in Sources */ = {isa = PBXBuildFile; fileRef = 9BEEACA52C8F870A00E2E120 /* NavigationBarModifier.swift */; };
		9BFA12452BAB104C000C0CB5 /* DonationsView.swift in Sources */ = {isa = PBXBuildFile; fileRef = 9BFA12442BAB104C000C0CB5 /* DonationsView.swift */; };
		9BFA12472BAB1541000C0CB5 /* LabelLink.swift in Sources */ = {isa = PBXBuildFile; fileRef = 9BFA12462BAB1541000C0CB5 /* LabelLink.swift */; };
		9BFA124D2BAB4A4B000C0CB5 /* ToastView.swift in Sources */ = {isa = PBXBuildFile; fileRef = 9BFA124C2BAB4A4B000C0CB5 /* ToastView.swift */; };
		9BFDF4A62D384A0700EE4046 /* SubscriptionStore.swift in Sources */ = {isa = PBXBuildFile; fileRef = 9BFDF4A52D3849E200EE4046 /* SubscriptionStore.swift */; };
/* End PBXBuildFile section */

/* Begin PBXFileReference section */
		81652649BD006240B348E3B9 /* Pods-BitcoinBlockExplorer.debug.xcconfig */ = {isa = PBXFileReference; includeInIndex = 1; lastKnownFileType = text.xcconfig; name = "Pods-BitcoinBlockExplorer.debug.xcconfig"; path = "Target Support Files/Pods-BitcoinBlockExplorer/Pods-BitcoinBlockExplorer.debug.xcconfig"; sourceTree = "<group>"; };
		9B1243822A16579700B9A4AF /* MempoolBlocksView.swift */ = {isa = PBXFileReference; lastKnownFileType = sourcecode.swift; path = MempoolBlocksView.swift; sourceTree = "<group>"; };
		9B1243842A165BF700B9A4AF /* BoxTransactions.swift */ = {isa = PBXFileReference; lastKnownFileType = sourcecode.swift; path = BoxTransactions.swift; sourceTree = "<group>"; };
		9B1243862A166AC000B9A4AF /* EachTransaction.swift */ = {isa = PBXFileReference; lastKnownFileType = sourcecode.swift; path = EachTransaction.swift; sourceTree = "<group>"; };
		9B12438A2A16BD6C00B9A4AF /* TransactionsModel.swift */ = {isa = PBXFileReference; lastKnownFileType = sourcecode.swift; path = TransactionsModel.swift; sourceTree = "<group>"; };
		9B2321E92B84E279000BFBA9 /* CurrencyModel.swift */ = {isa = PBXFileReference; lastKnownFileType = sourcecode.swift; path = CurrencyModel.swift; sourceTree = "<group>"; };
		9B2321EB2B84E3EB000BFBA9 /* CurrencyView.swift */ = {isa = PBXFileReference; lastKnownFileType = sourcecode.swift; path = CurrencyView.swift; sourceTree = "<group>"; };
		9B2321ED2B84E967000BFBA9 /* FormatCoin.swift */ = {isa = PBXFileReference; lastKnownFileType = sourcecode.swift; path = FormatCoin.swift; sourceTree = "<group>"; };
		9B2321F02B851181000BFBA9 /* CurrencyViewModel.swift */ = {isa = PBXFileReference; lastKnownFileType = sourcecode.swift; path = CurrencyViewModel.swift; sourceTree = "<group>"; };
		9B2321F22B851866000BFBA9 /* ConfigurationsView.swift */ = {isa = PBXFileReference; lastKnownFileType = sourcecode.swift; path = ConfigurationsView.swift; sourceTree = "<group>"; };
		9B23E5DE2A51E6F9007045A6 /* LastBlockViewModel.swift */ = {isa = PBXFileReference; lastKnownFileType = sourcecode.swift; path = LastBlockViewModel.swift; sourceTree = "<group>"; };
		9B27E7152A12A8D000E8036E /* Fee.swift */ = {isa = PBXFileReference; lastKnownFileType = sourcecode.swift; path = Fee.swift; sourceTree = "<group>"; };
		9B2BC8E12A12C54700735A8D /* Block.swift */ = {isa = PBXFileReference; lastKnownFileType = sourcecode.swift; path = Block.swift; sourceTree = "<group>"; };
		9B2BC8ED2A13F70600735A8D /* SearchView.swift */ = {isa = PBXFileReference; lastKnownFileType = sourcecode.swift; path = SearchView.swift; sourceTree = "<group>"; };
		9B2BC8F12A13FE5900735A8D /* BlockchainView.swift */ = {isa = PBXFileReference; lastKnownFileType = sourcecode.swift; path = BlockchainView.swift; sourceTree = "<group>"; };
		9B2BC8F32A15487900735A8D /* TransactionData.swift */ = {isa = PBXFileReference; lastKnownFileType = sourcecode.swift; path = TransactionData.swift; sourceTree = "<group>"; };
		9B2BC8F52A1548F900735A8D /* EveryTransactionsModel.swift */ = {isa = PBXFileReference; lastKnownFileType = sourcecode.swift; path = EveryTransactionsModel.swift; sourceTree = "<group>"; };
		9B2BC8FC2A155C1F00735A8D /* EachBlock.swift */ = {isa = PBXFileReference; lastKnownFileType = sourcecode.swift; path = EachBlock.swift; sourceTree = "<group>"; };
		9B3514872D2F41970034FF98 /* StoreKit.framework */ = {isa = PBXFileReference; lastKnownFileType = wrapper.framework; name = StoreKit.framework; path = System/Library/Frameworks/StoreKit.framework; sourceTree = SDKROOT; };
		9B35148B2D2F42160034FF98 /* BitcoinStoreKitConfiguration.storekit */ = {isa = PBXFileReference; lastKnownFileType = text; path = BitcoinStoreKitConfiguration.storekit; sourceTree = "<group>"; };
		9B3514902D2F45180034FF98 /* StoreKitView.swift */ = {isa = PBXFileReference; lastKnownFileType = sourcecode.swift; path = StoreKitView.swift; sourceTree = "<group>"; };
		9B3852D52B7C2B2300E2D576 /* Localizable.xcstrings */ = {isa = PBXFileReference; lastKnownFileType = text.json.xcstrings; path = Localizable.xcstrings; sourceTree = "<group>"; };
		9B43726C2A1CDFAA00DFE211 /* EachAddressView.swift */ = {isa = PBXFileReference; lastKnownFileType = sourcecode.swift; path = EachAddressView.swift; sourceTree = "<group>"; };
		9B43726E2A1CE66000DFE211 /* AddressDataHeader.swift */ = {isa = PBXFileReference; lastKnownFileType = sourcecode.swift; path = AddressDataHeader.swift; sourceTree = "<group>"; };
		9B4372702A1CE88900DFE211 /* AddressHeaderModel.swift */ = {isa = PBXFileReference; lastKnownFileType = sourcecode.swift; path = AddressHeaderModel.swift; sourceTree = "<group>"; };
		9B4372732A1CFD7600DFE211 /* ValidateSearch.swift */ = {isa = PBXFileReference; lastKnownFileType = sourcecode.swift; path = ValidateSearch.swift; sourceTree = "<group>"; };
		9B4372752A1D2C1800DFE211 /* AddressDataTransactions.swift */ = {isa = PBXFileReference; lastKnownFileType = sourcecode.swift; path = AddressDataTransactions.swift; sourceTree = "<group>"; };
		9B4BE3632A17BBA000050C33 /* EachTransactionData.swift */ = {isa = PBXFileReference; lastKnownFileType = sourcecode.swift; path = EachTransactionData.swift; sourceTree = "<group>"; };
		9B5564442B962FE3007AEA55 /* NavigationTitleModifier.swift */ = {isa = PBXFileReference; lastKnownFileType = sourcecode.swift; path = NavigationTitleModifier.swift; sourceTree = "<group>"; };
		9B5689EC2B7CEFF10009A751 /* Texts.swift */ = {isa = PBXFileReference; lastKnownFileType = sourcecode.swift; path = Texts.swift; sourceTree = "<group>"; };
		9B57DC342D3F2EEA00A810F5 /* TesteStoreKit.swift */ = {isa = PBXFileReference; lastKnownFileType = sourcecode.swift; path = TesteStoreKit.swift; sourceTree = "<group>"; };
		9B57DC572D3F38BC00A810F5 /* APIHandler.swift */ = {isa = PBXFileReference; lastKnownFileType = sourcecode.swift; path = APIHandler.swift; sourceTree = "<group>"; };
		9B57DC592D3F3AAE00A810F5 /* BlockchainViewModel.swift */ = {isa = PBXFileReference; lastKnownFileType = sourcecode.swift; path = BlockchainViewModel.swift; sourceTree = "<group>"; };
		9B65DF642D466DE2007517B7 /* Endpoint.swift */ = {isa = PBXFileReference; lastKnownFileType = sourcecode.swift; path = Endpoint.swift; sourceTree = "<group>"; };
		9B65DF662D46789B007517B7 /* Mempool.swift */ = {isa = PBXFileReference; lastKnownFileType = sourcecode.swift; path = Mempool.swift; sourceTree = "<group>"; };
		9B925AB02C74367300A754C1 /* Info.plist */ = {isa = PBXFileReference; lastKnownFileType = text.plist; path = Info.plist; sourceTree = "<group>"; };
		9B925AB12C74382A00A754C1 /* AdBannerView.swift */ = {isa = PBXFileReference; lastKnownFileType = sourcecode.swift; path = AdBannerView.swift; sourceTree = "<group>"; };
		9BADB8F82D4CFF8E007D0535 /* Hashrate.swift */ = {isa = PBXFileReference; lastKnownFileType = sourcecode.swift; path = Hashrate.swift; sourceTree = "<group>"; };
		9BADB8FB2D4D0124007D0535 /* HashrateView.swift */ = {isa = PBXFileReference; lastKnownFileType = sourcecode.swift; path = HashrateView.swift; sourceTree = "<group>"; };
		9BADB8FD2D4D11EE007D0535 /* BlockReward.swift */ = {isa = PBXFileReference; lastKnownFileType = sourcecode.swift; path = BlockReward.swift; sourceTree = "<group>"; };
		9BADB9032D4D13D0007D0535 /* BlockRewardView.swift */ = {isa = PBXFileReference; lastKnownFileType = sourcecode.swift; path = BlockRewardView.swift; sourceTree = "<group>"; };
		9BADB9062D4DA0D1007D0535 /* DifficultyAdjustment.swift */ = {isa = PBXFileReference; lastKnownFileType = sourcecode.swift; path = DifficultyAdjustment.swift; sourceTree = "<group>"; };
		9BADB9082D4DA3D6007D0535 /* DifficultyAdjustmentView.swift */ = {isa = PBXFileReference; lastKnownFileType = sourcecode.swift; path = DifficultyAdjustmentView.swift; sourceTree = "<group>"; };
		9BB0E8722D4162D900C6777A /* SheetToolbarModifier.swift */ = {isa = PBXFileReference; lastKnownFileType = sourcecode.swift; path = SheetToolbarModifier.swift; sourceTree = "<group>"; };
		9BB0E8762D41683D00C6777A /* EachBlockViewModel.swift */ = {isa = PBXFileReference; lastKnownFileType = sourcecode.swift; path = EachBlockViewModel.swift; sourceTree = "<group>"; };
		9BC2260E2A0C68CA0069FDEB /* BitcoinBlockExplorer.app */ = {isa = PBXFileReference; explicitFileType = wrapper.application; includeInIndex = 0; path = BitcoinBlockExplorer.app; sourceTree = BUILT_PRODUCTS_DIR; };
		9BC226112A0C68CA0069FDEB /* BitcoinBlockExplorerApp.swift */ = {isa = PBXFileReference; lastKnownFileType = sourcecode.swift; path = BitcoinBlockExplorerApp.swift; sourceTree = "<group>"; };
		9BC226132A0C68CA0069FDEB /* ContentView.swift */ = {isa = PBXFileReference; lastKnownFileType = sourcecode.swift; path = ContentView.swift; sourceTree = "<group>"; };
		9BC226152A0C68CB0069FDEB /* Assets.xcassets */ = {isa = PBXFileReference; lastKnownFileType = folder.assetcatalog; path = Assets.xcassets; sourceTree = "<group>"; };
		9BC226182A0C68CB0069FDEB /* Preview Assets.xcassets */ = {isa = PBXFileReference; lastKnownFileType = folder.assetcatalog; path = "Preview Assets.xcassets"; sourceTree = "<group>"; };
		9BC487A52C1B8C89007E975A /* BitcoinWalletView.swift */ = {isa = PBXFileReference; lastKnownFileType = sourcecode.swift; path = BitcoinWalletView.swift; sourceTree = "<group>"; };
		9BC487A72C1B8CC0007E975A /* LightningWalletView.swift */ = {isa = PBXFileReference; lastKnownFileType = sourcecode.swift; path = LightningWalletView.swift; sourceTree = "<group>"; };
		9BD669012D4AA6C9001709D1 /* Halvings.swift */ = {isa = PBXFileReference; lastKnownFileType = sourcecode.swift; path = Halvings.swift; sourceTree = "<group>"; };
		9BD669032D4BB376001709D1 /* HalvingView.swift */ = {isa = PBXFileReference; lastKnownFileType = sourcecode.swift; path = HalvingView.swift; sourceTree = "<group>"; };
		9BD669062D4C3DC1001709D1 /* Extensions.swift */ = {isa = PBXFileReference; lastKnownFileType = sourcecode.swift; path = Extensions.swift; sourceTree = "<group>"; };
		9BD669092D4C4771001709D1 /* FullNode.swift */ = {isa = PBXFileReference; lastKnownFileType = sourcecode.swift; path = FullNode.swift; sourceTree = "<group>"; };
		9BD6690C2D4C4901001709D1 /* FullNodesView.swift */ = {isa = PBXFileReference; lastKnownFileType = sourcecode.swift; path = FullNodesView.swift; sourceTree = "<group>"; };
		9BEEAC9D2C8F799C00E2E120 /* BlockchainFeeViewComponent.swift */ = {isa = PBXFileReference; lastKnownFileType = sourcecode.swift; path = BlockchainFeeViewComponent.swift; sourceTree = "<group>"; };
		9BEEAC9F2C8F7B0500E2E120 /* BitcoinPriceViewComponent.swift */ = {isa = PBXFileReference; lastKnownFileType = sourcecode.swift; path = BitcoinPriceViewComponent.swift; sourceTree = "<group>"; };
		9BEEACA12C8F7C0200E2E120 /* TextsFeesViewComponent.swift */ = {isa = PBXFileReference; lastKnownFileType = sourcecode.swift; path = TextsFeesViewComponent.swift; sourceTree = "<group>"; };
		9BEEACA32C8F85DE00E2E120 /* AdViewComponent.swift */ = {isa = PBXFileReference; lastKnownFileType = sourcecode.swift; path = AdViewComponent.swift; sourceTree = "<group>"; };
		9BEEACA52C8F870A00E2E120 /* NavigationBarModifier.swift */ = {isa = PBXFileReference; lastKnownFileType = sourcecode.swift; path = NavigationBarModifier.swift; sourceTree = "<group>"; };
		9BFA12442BAB104C000C0CB5 /* DonationsView.swift */ = {isa = PBXFileReference; lastKnownFileType = sourcecode.swift; path = DonationsView.swift; sourceTree = "<group>"; };
		9BFA12462BAB1541000C0CB5 /* LabelLink.swift */ = {isa = PBXFileReference; lastKnownFileType = sourcecode.swift; path = LabelLink.swift; sourceTree = "<group>"; };
		9BFA124C2BAB4A4B000C0CB5 /* ToastView.swift */ = {isa = PBXFileReference; lastKnownFileType = sourcecode.swift; path = ToastView.swift; sourceTree = "<group>"; };
		9BFDF4A52D3849E200EE4046 /* SubscriptionStore.swift */ = {isa = PBXFileReference; lastKnownFileType = sourcecode.swift; path = SubscriptionStore.swift; sourceTree = "<group>"; };
		9F72E7CEB2FCE47A9CE9A0FB /* Pods_BitcoinBlockExplorer.framework */ = {isa = PBXFileReference; explicitFileType = wrapper.framework; includeInIndex = 0; path = Pods_BitcoinBlockExplorer.framework; sourceTree = BUILT_PRODUCTS_DIR; };
		E2FB5F46FEA11B8DE41A03DB /* Pods-BitcoinBlockExplorer.release.xcconfig */ = {isa = PBXFileReference; includeInIndex = 1; lastKnownFileType = text.xcconfig; name = "Pods-BitcoinBlockExplorer.release.xcconfig"; path = "Target Support Files/Pods-BitcoinBlockExplorer/Pods-BitcoinBlockExplorer.release.xcconfig"; sourceTree = "<group>"; };
/* End PBXFileReference section */

/* Begin PBXFrameworksBuildPhase section */
		9BC2260B2A0C68CA0069FDEB /* Frameworks */ = {
			isa = PBXFrameworksBuildPhase;
			buildActionMask = 2147483647;
			files = (
				802D279E91F933086746D45E /* Pods_BitcoinBlockExplorer.framework in Frameworks */,
				9B3514882D2F41970034FF98 /* StoreKit.framework in Frameworks */,
			);
			runOnlyForDeploymentPostprocessing = 0;
		};
/* End PBXFrameworksBuildPhase section */

/* Begin PBXGroup section */
		570F9656170D64EF9870F646 /* Pods */ = {
			isa = PBXGroup;
			children = (
				81652649BD006240B348E3B9 /* Pods-BitcoinBlockExplorer.debug.xcconfig */,
				E2FB5F46FEA11B8DE41A03DB /* Pods-BitcoinBlockExplorer.release.xcconfig */,
			);
			path = Pods;
			sourceTree = "<group>";
		};
		9B0C492F2D41335D00CE9929 /* MempoolBlocks */ = {
			isa = PBXGroup;
			children = (
				9B1243822A16579700B9A4AF /* MempoolBlocksView.swift */,
				9B65DF662D46789B007517B7 /* Mempool.swift */,
				9B2BC8E12A12C54700735A8D /* Block.swift */,
			);
			path = MempoolBlocks;
			sourceTree = "<group>";
		};
		9B2321EF2B85116D000BFBA9 /* Utils */ = {
			isa = PBXGroup;
			children = (
				9BD669052D4C3DB4001709D1 /* Extensions */,
				9B65DF632D466DD4007517B7 /* Endpoints */,
				9B3514922D2F47230034FF98 /* StoreKit */,
				9B4372722A1CFD5B00DFE211 /* Functions */,
				9B3C000F2BAC7EC6000B55B9 /* Texts */,
				9B3852D52B7C2B2300E2D576 /* Localizable.xcstrings */,
				9B3C00122BAC7F59000B55B9 /* Modifiers */,
			);
			path = Utils;
			sourceTree = "<group>";
		};
		9B27E7142A12A8B400E8036E /* Model */ = {
			isa = PBXGroup;
			children = (
				9B2BC8F52A1548F900735A8D /* EveryTransactionsModel.swift */,
				9B4372702A1CE88900DFE211 /* AddressHeaderModel.swift */,
			);
			path = Model;
			sourceTree = "<group>";
		};
		9B2BC8E32A12D19800735A8D /* Services */ = {
			isa = PBXGroup;
			children = (
				9B57DC572D3F38BC00A810F5 /* APIHandler.swift */,
				9B2BC8F32A15487900735A8D /* TransactionData.swift */,
				9B4BE3632A17BBA000050C33 /* EachTransactionData.swift */,
				9B43726E2A1CE66000DFE211 /* AddressDataHeader.swift */,
				9B4372752A1D2C1800DFE211 /* AddressDataTransactions.swift */,
			);
			path = Services;
			sourceTree = "<group>";
		};
		9B35148D2D2F44C40034FF98 /* StoreKit */ = {
			isa = PBXGroup;
			children = (
				9B57DC342D3F2EEA00A810F5 /* TesteStoreKit.swift */,
				9B3514902D2F45180034FF98 /* StoreKitView.swift */,
			);
			path = StoreKit;
			sourceTree = "<group>";
		};
		9B3514922D2F47230034FF98 /* StoreKit */ = {
			isa = PBXGroup;
			children = (
				9BFDF4A52D3849E200EE4046 /* SubscriptionStore.swift */,
				9B35148B2D2F42160034FF98 /* BitcoinStoreKitConfiguration.storekit */,
			);
			path = StoreKit;
			sourceTree = "<group>";
		};
		9B3C00092BAC75DD000B55B9 /* Shared */ = {
			isa = PBXGroup;
			children = (
				9BD669082D4C4393001709D1 /* ViewModel */,
				9B65DF622D466CD5007517B7 /* Model */,
				9B1243842A165BF700B9A4AF /* BoxTransactions.swift */,
				9B925AB12C74382A00A754C1 /* AdBannerView.swift */,
				9BEEACA32C8F85DE00E2E120 /* AdViewComponent.swift */,
				9B3F05932BB3BC1B003C746C /* CurrencyComponent */,
				9BFA124C2BAB4A4B000C0CB5 /* ToastView.swift */,
			);
			path = Shared;
			sourceTree = "<group>";
		};
		9B3C000A2BAC75E4000B55B9 /* Views */ = {
			isa = PBXGroup;
			children = (
				9B35148D2D2F44C40034FF98 /* StoreKit */,
				9B3F05982BB3BD58003C746C /* EachAddress */,
				9B3F05972BB3BD3A003C746C /* EachTransaction */,
				9B3F05962BB3BD2E003C746C /* EachBlock */,
				9B3F05952BB3BD15003C746C /* DonationsView */,
				9B3F05942BB3BCBD003C746C /* Search */,
				9B3C000D2BAC7890000B55B9 /* Configurations */,
				9B3C000B2BAC75F6000B55B9 /* Blockchain */,
				9B3C00092BAC75DD000B55B9 /* Shared */,
			);
			path = Views;
			sourceTree = "<group>";
		};
		9B3C000B2BAC75F6000B55B9 /* Blockchain */ = {
			isa = PBXGroup;
			children = (
				9BBE4F682D400BF100E2D991 /* BlockchainViewModel */,
				9BBE4F672D400BD100E2D991 /* BlockchainView */,
			);
			path = Blockchain;
			sourceTree = "<group>";
		};
		9B3C000D2BAC7890000B55B9 /* Configurations */ = {
			isa = PBXGroup;
			children = (
				9B3C000E2BAC78A2000B55B9 /* Components  */,
				9B2321F22B851866000BFBA9 /* ConfigurationsView.swift */,
			);
			path = Configurations;
			sourceTree = "<group>";
		};
		9B3C000E2BAC78A2000B55B9 /* Components  */ = {
			isa = PBXGroup;
			children = (
				9BFA12462BAB1541000C0CB5 /* LabelLink.swift */,
			);
			path = "Components ";
			sourceTree = "<group>";
		};
		9B3C000F2BAC7EC6000B55B9 /* Texts */ = {
			isa = PBXGroup;
			children = (
				9B5689EC2B7CEFF10009A751 /* Texts.swift */,
			);
			path = Texts;
			sourceTree = "<group>";
		};
		9B3C00122BAC7F59000B55B9 /* Modifiers */ = {
			isa = PBXGroup;
			children = (
				9BB0E8722D4162D900C6777A /* SheetToolbarModifier.swift */,
				9B5564442B962FE3007AEA55 /* NavigationTitleModifier.swift */,
				9BEEACA52C8F870A00E2E120 /* NavigationBarModifier.swift */,
			);
			path = Modifiers;
			sourceTree = "<group>";
		};
		9B3F05932BB3BC1B003C746C /* CurrencyComponent */ = {
			isa = PBXGroup;
			children = (
				9B2321F02B851181000BFBA9 /* CurrencyViewModel.swift */,
				9B2321EB2B84E3EB000BFBA9 /* CurrencyView.swift */,
				9B2321E92B84E279000BFBA9 /* CurrencyModel.swift */,
			);
			path = CurrencyComponent;
			sourceTree = "<group>";
		};
		9B3F05942BB3BCBD003C746C /* Search */ = {
			isa = PBXGroup;
			children = (
				9B2BC8ED2A13F70600735A8D /* SearchView.swift */,
			);
			path = Search;
			sourceTree = "<group>";
		};
		9B3F05952BB3BD15003C746C /* DonationsView */ = {
			isa = PBXGroup;
			children = (
				9BFA12442BAB104C000C0CB5 /* DonationsView.swift */,
				9BC487A52C1B8C89007E975A /* BitcoinWalletView.swift */,
				9BC487A72C1B8CC0007E975A /* LightningWalletView.swift */,
			);
			path = DonationsView;
			sourceTree = "<group>";
		};
		9B3F05962BB3BD2E003C746C /* EachBlock */ = {
			isa = PBXGroup;
			children = (
				9BB0E8762D41683D00C6777A /* EachBlockViewModel.swift */,
				9B2BC8FC2A155C1F00735A8D /* EachBlock.swift */,
			);
			path = EachBlock;
			sourceTree = "<group>";
		};
		9B3F05972BB3BD3A003C746C /* EachTransaction */ = {
			isa = PBXGroup;
			children = (
				9B1243862A166AC000B9A4AF /* EachTransaction.swift */,
			);
			path = EachTransaction;
			sourceTree = "<group>";
		};
		9B3F05982BB3BD58003C746C /* EachAddress */ = {
			isa = PBXGroup;
			children = (
				9B43726C2A1CDFAA00DFE211 /* EachAddressView.swift */,
			);
			path = EachAddress;
			sourceTree = "<group>";
		};
		9B4372722A1CFD5B00DFE211 /* Functions */ = {
			isa = PBXGroup;
			children = (
				9B4372732A1CFD7600DFE211 /* ValidateSearch.swift */,
				9B2321ED2B84E967000BFBA9 /* FormatCoin.swift */,
			);
			path = Functions;
			sourceTree = "<group>";
		};
		9B65DF622D466CD5007517B7 /* Model */ = {
			isa = PBXGroup;
			children = (
				9B12438A2A16BD6C00B9A4AF /* TransactionsModel.swift */,
			);
			path = Model;
			sourceTree = "<group>";
		};
		9B65DF632D466DD4007517B7 /* Endpoints */ = {
			isa = PBXGroup;
			children = (
				9B65DF642D466DE2007517B7 /* Endpoint.swift */,
			);
			path = Endpoints;
			sourceTree = "<group>";
		};
		9BADB8FA2D4D0115007D0535 /* Hashrate */ = {
			isa = PBXGroup;
			children = (
				9BADB8FB2D4D0124007D0535 /* HashrateView.swift */,
				9BADB8F82D4CFF8E007D0535 /* Hashrate.swift */,
			);
			path = Hashrate;
			sourceTree = "<group>";
		};
		9BADB9022D4D13BE007D0535 /* BlockReward */ = {
			isa = PBXGroup;
			children = (
				9BADB9032D4D13D0007D0535 /* BlockRewardView.swift */,
				9BADB8FD2D4D11EE007D0535 /* BlockReward.swift */,
			);
			path = BlockReward;
			sourceTree = "<group>";
		};
		9BADB9052D4DA0B5007D0535 /* DifficultyAdjustment */ = {
			isa = PBXGroup;
			children = (
				9BADB9062D4DA0D1007D0535 /* DifficultyAdjustment.swift */,
				9BADB9082D4DA3D6007D0535 /* DifficultyAdjustmentView.swift */,
			);
			path = DifficultyAdjustment;
			sourceTree = "<group>";
		};
		9BBE4F652D400B7D00E2D991 /* TransactionsFee */ = {
			isa = PBXGroup;
			children = (
				9BEEAC9D2C8F799C00E2E120 /* BlockchainFeeViewComponent.swift */,
				9BEEACA12C8F7C0200E2E120 /* TextsFeesViewComponent.swift */,
				9B27E7152A12A8D000E8036E /* Fee.swift */,
			);
			path = TransactionsFee;
			sourceTree = "<group>";
		};
		9BBE4F662D400BB800E2D991 /* BitcoinPriceComponent */ = {
			isa = PBXGroup;
			children = (
				9BEEAC9F2C8F7B0500E2E120 /* BitcoinPriceViewComponent.swift */,
			);
			path = BitcoinPriceComponent;
			sourceTree = "<group>";
		};
		9BBE4F672D400BD100E2D991 /* BlockchainView */ = {
			isa = PBXGroup;
			children = (
				9B2BC8F12A13FE5900735A8D /* BlockchainView.swift */,
				9BEEAC9C2C8F798B00E2E120 /* Components */,
			);
			path = BlockchainView;
			sourceTree = "<group>";
		};
		9BBE4F682D400BF100E2D991 /* BlockchainViewModel */ = {
			isa = PBXGroup;
			children = (
				9B57DC592D3F3AAE00A810F5 /* BlockchainViewModel.swift */,
			);
			path = BlockchainViewModel;
			sourceTree = "<group>";
		};
		9BC226052A0C68CA0069FDEB = {
			isa = PBXGroup;
			children = (
				9BC226102A0C68CA0069FDEB /* BitcoinBlockExplorer */,
				9BC2260F2A0C68CA0069FDEB /* Products */,
				570F9656170D64EF9870F646 /* Pods */,
				A2429A69F9D1FA5662AC0F92 /* Frameworks */,
			);
			sourceTree = "<group>";
		};
		9BC2260F2A0C68CA0069FDEB /* Products */ = {
			isa = PBXGroup;
			children = (
				9BC2260E2A0C68CA0069FDEB /* BitcoinBlockExplorer.app */,
			);
			name = Products;
			sourceTree = "<group>";
		};
		9BC226102A0C68CA0069FDEB /* BitcoinBlockExplorer */ = {
			isa = PBXGroup;
			children = (
				9B925AB02C74367300A754C1 /* Info.plist */,
				9BC226112A0C68CA0069FDEB /* BitcoinBlockExplorerApp.swift */,
				9BC226132A0C68CA0069FDEB /* ContentView.swift */,
				9B3C000A2BAC75E4000B55B9 /* Views */,
				9B2BC8E32A12D19800735A8D /* Services */,
				9B27E7142A12A8B400E8036E /* Model */,
				9B2321EF2B85116D000BFBA9 /* Utils */,
				9BC226152A0C68CB0069FDEB /* Assets.xcassets */,
				9BC226172A0C68CB0069FDEB /* Preview Content */,
			);
			path = BitcoinBlockExplorer;
			sourceTree = "<group>";
		};
		9BC226172A0C68CB0069FDEB /* Preview Content */ = {
			isa = PBXGroup;
			children = (
				9BC226182A0C68CB0069FDEB /* Preview Assets.xcassets */,
			);
			path = "Preview Content";
			sourceTree = "<group>";
		};
		9BD668FE2D4AA638001709D1 /* HalvingBlockchain */ = {
			isa = PBXGroup;
			children = (
				9BD669032D4BB376001709D1 /* HalvingView.swift */,
				9BD669012D4AA6C9001709D1 /* Halvings.swift */,
			);
			path = HalvingBlockchain;
			sourceTree = "<group>";
		};
		9BD669052D4C3DB4001709D1 /* Extensions */ = {
			isa = PBXGroup;
			children = (
				9BD669062D4C3DC1001709D1 /* Extensions.swift */,
			);
			path = Extensions;
			sourceTree = "<group>";
		};
		9BD669082D4C4393001709D1 /* ViewModel */ = {
			isa = PBXGroup;
			children = (
				9B23E5DE2A51E6F9007045A6 /* LastBlockViewModel.swift */,
			);
			path = ViewModel;
			sourceTree = "<group>";
		};
		9BD6690B2D4C48ED001709D1 /* FullNodes */ = {
			isa = PBXGroup;
			children = (
				9BD6690C2D4C4901001709D1 /* FullNodesView.swift */,
				9BD669092D4C4771001709D1 /* FullNode.swift */,
			);
			path = FullNodes;
			sourceTree = "<group>";
		};
		9BEEAC9C2C8F798B00E2E120 /* Components */ = {
			isa = PBXGroup;
			children = (
				9BADB9052D4DA0B5007D0535 /* DifficultyAdjustment */,
				9BADB9022D4D13BE007D0535 /* BlockReward */,
				9BADB8FA2D4D0115007D0535 /* Hashrate */,
				9BD6690B2D4C48ED001709D1 /* FullNodes */,
				9BD668FE2D4AA638001709D1 /* HalvingBlockchain */,
				9B0C492F2D41335D00CE9929 /* MempoolBlocks */,
				9BBE4F662D400BB800E2D991 /* BitcoinPriceComponent */,
				9BBE4F652D400B7D00E2D991 /* TransactionsFee */,
			);
			path = Components;
			sourceTree = "<group>";
		};
		A2429A69F9D1FA5662AC0F92 /* Frameworks */ = {
			isa = PBXGroup;
			children = (
				9B3514872D2F41970034FF98 /* StoreKit.framework */,
				9F72E7CEB2FCE47A9CE9A0FB /* Pods_BitcoinBlockExplorer.framework */,
			);
			name = Frameworks;
			sourceTree = "<group>";
		};
/* End PBXGroup section */

/* Begin PBXNativeTarget section */
		9BC2260D2A0C68CA0069FDEB /* BitcoinBlockExplorer */ = {
			isa = PBXNativeTarget;
			buildConfigurationList = 9BC2261C2A0C68CB0069FDEB /* Build configuration list for PBXNativeTarget "BitcoinBlockExplorer" */;
			buildPhases = (
				2ED0856FF94A4A60553B2288 /* [CP] Check Pods Manifest.lock */,
				9BC2260A2A0C68CA0069FDEB /* Sources */,
				9BC2260B2A0C68CA0069FDEB /* Frameworks */,
				9BC2260C2A0C68CA0069FDEB /* Resources */,
				1F71790B670945CDF6ACF057 /* [CP] Copy Pods Resources */,
			);
			buildRules = (
			);
			dependencies = (
			);
			name = BitcoinBlockExplorer;
			productName = TesteAPI;
			productReference = 9BC2260E2A0C68CA0069FDEB /* BitcoinBlockExplorer.app */;
			productType = "com.apple.product-type.application";
		};
/* End PBXNativeTarget section */

/* Begin PBXProject section */
		9BC226062A0C68CA0069FDEB /* Project object */ = {
			isa = PBXProject;
			attributes = {
				BuildIndependentTargetsInParallel = 1;
				LastSwiftUpdateCheck = 1430;
				LastUpgradeCheck = 1430;
				TargetAttributes = {
					9BC2260D2A0C68CA0069FDEB = {
						CreatedOnToolsVersion = 14.3;
					};
				};
			};
			buildConfigurationList = 9BC226092A0C68CA0069FDEB /* Build configuration list for PBXProject "BitcoinBlockExplorer" */;
			compatibilityVersion = "Xcode 14.0";
			developmentRegion = en;
			hasScannedForEncodings = 0;
			knownRegions = (
				"pt-BR",
				en,
				"zh-Hans",
				Base,
				de,
				ru,
			);
			mainGroup = 9BC226052A0C68CA0069FDEB;
			productRefGroup = 9BC2260F2A0C68CA0069FDEB /* Products */;
			projectDirPath = "";
			projectRoot = "";
			targets = (
				9BC2260D2A0C68CA0069FDEB /* BitcoinBlockExplorer */,
			);
		};
/* End PBXProject section */

/* Begin PBXResourcesBuildPhase section */
		9BC2260C2A0C68CA0069FDEB /* Resources */ = {
			isa = PBXResourcesBuildPhase;
			buildActionMask = 2147483647;
			files = (
				9BC226192A0C68CB0069FDEB /* Preview Assets.xcassets in Resources */,
				9B35148C2D2F42160034FF98 /* BitcoinStoreKitConfiguration.storekit in Resources */,
				9BC226162A0C68CB0069FDEB /* Assets.xcassets in Resources */,
				9B3852D62B7C2B2300E2D576 /* Localizable.xcstrings in Resources */,
			);
			runOnlyForDeploymentPostprocessing = 0;
		};
/* End PBXResourcesBuildPhase section */

/* Begin PBXShellScriptBuildPhase section */
		1F71790B670945CDF6ACF057 /* [CP] Copy Pods Resources */ = {
			isa = PBXShellScriptBuildPhase;
			buildActionMask = 2147483647;
			files = (
			);
			inputFileListPaths = (
				"${PODS_ROOT}/Target Support Files/Pods-BitcoinBlockExplorer/Pods-BitcoinBlockExplorer-resources-${CONFIGURATION}-input-files.xcfilelist",
			);
			name = "[CP] Copy Pods Resources";
			outputFileListPaths = (
				"${PODS_ROOT}/Target Support Files/Pods-BitcoinBlockExplorer/Pods-BitcoinBlockExplorer-resources-${CONFIGURATION}-output-files.xcfilelist",
			);
			runOnlyForDeploymentPostprocessing = 0;
			shellPath = /bin/sh;
			shellScript = "\"${PODS_ROOT}/Target Support Files/Pods-BitcoinBlockExplorer/Pods-BitcoinBlockExplorer-resources.sh\"\n";
			showEnvVarsInLog = 0;
		};
		2ED0856FF94A4A60553B2288 /* [CP] Check Pods Manifest.lock */ = {
			isa = PBXShellScriptBuildPhase;
			buildActionMask = 2147483647;
			files = (
			);
			inputFileListPaths = (
			);
			inputPaths = (
				"${PODS_PODFILE_DIR_PATH}/Podfile.lock",
				"${PODS_ROOT}/Manifest.lock",
			);
			name = "[CP] Check Pods Manifest.lock";
			outputFileListPaths = (
			);
			outputPaths = (
				"$(DERIVED_FILE_DIR)/Pods-BitcoinBlockExplorer-checkManifestLockResult.txt",
			);
			runOnlyForDeploymentPostprocessing = 0;
			shellPath = /bin/sh;
			shellScript = "diff \"${PODS_PODFILE_DIR_PATH}/Podfile.lock\" \"${PODS_ROOT}/Manifest.lock\" > /dev/null\nif [ $? != 0 ] ; then\n    # print error to STDERR\n    echo \"error: The sandbox is not in sync with the Podfile.lock. Run 'pod install' or update your CocoaPods installation.\" >&2\n    exit 1\nfi\n# This output is used by Xcode 'outputs' to avoid re-running this script phase.\necho \"SUCCESS\" > \"${SCRIPT_OUTPUT_FILE_0}\"\n";
			showEnvVarsInLog = 0;
		};
/* End PBXShellScriptBuildPhase section */

/* Begin PBXSourcesBuildPhase section */
		9BC2260A2A0C68CA0069FDEB /* Sources */ = {
			isa = PBXSourcesBuildPhase;
			buildActionMask = 2147483647;
			files = (
				9BFA12452BAB104C000C0CB5 /* DonationsView.swift in Sources */,
				9BADB9072D4DA0E0007D0535 /* DifficultyAdjustment.swift in Sources */,
				9B23E5DF2A51E6F9007045A6 /* LastBlockViewModel.swift in Sources */,
				9BADB8F92D4CFF91007D0535 /* Hashrate.swift in Sources */,
				9BADB9042D4D13D0007D0535 /* BlockRewardView.swift in Sources */,
				9BC487A62C1B8C89007E975A /* BitcoinWalletView.swift in Sources */,
				9B2BC8F62A1548F900735A8D /* EveryTransactionsModel.swift in Sources */,
				9B57DC582D3F38C200A810F5 /* APIHandler.swift in Sources */,
				9B1243852A165BF700B9A4AF /* BoxTransactions.swift in Sources */,
				9B2321EA2B84E279000BFBA9 /* CurrencyModel.swift in Sources */,
				9B2321EE2B84E967000BFBA9 /* FormatCoin.swift in Sources */,
				9BADB8FE2D4D11FB007D0535 /* BlockReward.swift in Sources */,
				9BD669022D4AA6D1001709D1 /* Halvings.swift in Sources */,
				9BD6690D2D4C4901001709D1 /* FullNodesView.swift in Sources */,
				9B2BC8F42A15487900735A8D /* TransactionData.swift in Sources */,
				9B1243832A16579700B9A4AF /* MempoolBlocksView.swift in Sources */,
				9B4372712A1CE88900DFE211 /* AddressHeaderModel.swift in Sources */,
				9BEEACA22C8F7C0200E2E120 /* TextsFeesViewComponent.swift in Sources */,
				9BEEACA42C8F85DE00E2E120 /* AdViewComponent.swift in Sources */,
				9B2BC8FD2A155C1F00735A8D /* EachBlock.swift in Sources */,
				9BFA12472BAB1541000C0CB5 /* LabelLink.swift in Sources */,
				9BEEACA62C8F870A00E2E120 /* NavigationBarModifier.swift in Sources */,
				9B5564452B962FE3007AEA55 /* NavigationTitleModifier.swift in Sources */,
				9B57DC5A2D3F3AB400A810F5 /* BlockchainViewModel.swift in Sources */,
				9BC226142A0C68CA0069FDEB /* ContentView.swift in Sources */,
				9B4372742A1CFD7600DFE211 /* ValidateSearch.swift in Sources */,
				9B1243872A166AC000B9A4AF /* EachTransaction.swift in Sources */,
				9BADB8FC2D4D0124007D0535 /* HashrateView.swift in Sources */,
				9BC487A82C1B8CC0007E975A /* LightningWalletView.swift in Sources */,
				9B2321F12B851181000BFBA9 /* CurrencyViewModel.swift in Sources */,
				9B65DF652D466DED007517B7 /* Endpoint.swift in Sources */,
				9BEEAC9E2C8F799C00E2E120 /* BlockchainFeeViewComponent.swift in Sources */,
				9B3514912D2F45180034FF98 /* StoreKitView.swift in Sources */,
				9B2BC8F22A13FE5900735A8D /* BlockchainView.swift in Sources */,
				9BADB9092D4DA3D6007D0535 /* DifficultyAdjustmentView.swift in Sources */,
				9B27E7162A12A8D000E8036E /* Fee.swift in Sources */,
				9B2321F32B851866000BFBA9 /* ConfigurationsView.swift in Sources */,
				9BD669042D4BB376001709D1 /* HalvingView.swift in Sources */,
				9BC226122A0C68CA0069FDEB /* BitcoinBlockExplorerApp.swift in Sources */,
				9BFA124D2BAB4A4B000C0CB5 /* ToastView.swift in Sources */,
				9B2321EC2B84E3EB000BFBA9 /* CurrencyView.swift in Sources */,
				9B65DF672D4678A0007517B7 /* Mempool.swift in Sources */,
				9B57DC352D3F2EEF00A810F5 /* TesteStoreKit.swift in Sources */,
				9B12438B2A16BD6C00B9A4AF /* TransactionsModel.swift in Sources */,
				9BB0E8732D4162F100C6777A /* SheetToolbarModifier.swift in Sources */,
				9BEEACA02C8F7B0500E2E120 /* BitcoinPriceViewComponent.swift in Sources */,
				9B4BE3642A17BBA000050C33 /* EachTransactionData.swift in Sources */,
				9B4372762A1D2C1800DFE211 /* AddressDataTransactions.swift in Sources */,
				9BFDF4A62D384A0700EE4046 /* SubscriptionStore.swift in Sources */,
				9B43726D2A1CDFAA00DFE211 /* EachAddressView.swift in Sources */,
				9B5689ED2B7CEFF10009A751 /* Texts.swift in Sources */,
				9B2BC8E22A12C54700735A8D /* Block.swift in Sources */,
				9BD669072D4C3DD1001709D1 /* Extensions.swift in Sources */,
				9BD6690A2D4C4776001709D1 /* FullNode.swift in Sources */,
				9B925AB22C74382A00A754C1 /* AdBannerView.swift in Sources */,
				9B43726F2A1CE66000DFE211 /* AddressDataHeader.swift in Sources */,
				9B2BC8EE2A13F70600735A8D /* SearchView.swift in Sources */,
				9BB0E8772D41684300C6777A /* EachBlockViewModel.swift in Sources */,
			);
			runOnlyForDeploymentPostprocessing = 0;
		};
/* End PBXSourcesBuildPhase section */

/* Begin XCBuildConfiguration section */
		9BC2261A2A0C68CB0069FDEB /* Debug */ = {
			isa = XCBuildConfiguration;
			buildSettings = {
				ALWAYS_SEARCH_USER_PATHS = NO;
				CLANG_ANALYZER_NONNULL = YES;
				CLANG_ANALYZER_NUMBER_OBJECT_CONVERSION = YES_AGGRESSIVE;
				CLANG_CXX_LANGUAGE_STANDARD = "gnu++20";
				CLANG_ENABLE_MODULES = YES;
				CLANG_ENABLE_OBJC_ARC = YES;
				CLANG_ENABLE_OBJC_WEAK = YES;
				CLANG_WARN_BLOCK_CAPTURE_AUTORELEASING = YES;
				CLANG_WARN_BOOL_CONVERSION = YES;
				CLANG_WARN_COMMA = YES;
				CLANG_WARN_CONSTANT_CONVERSION = YES;
				CLANG_WARN_DEPRECATED_OBJC_IMPLEMENTATIONS = YES;
				CLANG_WARN_DIRECT_OBJC_ISA_USAGE = YES_ERROR;
				CLANG_WARN_DOCUMENTATION_COMMENTS = YES;
				CLANG_WARN_EMPTY_BODY = YES;
				CLANG_WARN_ENUM_CONVERSION = YES;
				CLANG_WARN_INFINITE_RECURSION = YES;
				CLANG_WARN_INT_CONVERSION = YES;
				CLANG_WARN_NON_LITERAL_NULL_CONVERSION = YES;
				CLANG_WARN_OBJC_IMPLICIT_RETAIN_SELF = YES;
				CLANG_WARN_OBJC_LITERAL_CONVERSION = YES;
				CLANG_WARN_OBJC_ROOT_CLASS = YES_ERROR;
				CLANG_WARN_QUOTED_INCLUDE_IN_FRAMEWORK_HEADER = YES;
				CLANG_WARN_RANGE_LOOP_ANALYSIS = YES;
				CLANG_WARN_STRICT_PROTOTYPES = YES;
				CLANG_WARN_SUSPICIOUS_MOVE = YES;
				CLANG_WARN_UNGUARDED_AVAILABILITY = YES_AGGRESSIVE;
				CLANG_WARN_UNREACHABLE_CODE = YES;
				CLANG_WARN__DUPLICATE_METHOD_MATCH = YES;
				COPY_PHASE_STRIP = NO;
				DEBUG_INFORMATION_FORMAT = dwarf;
				ENABLE_STRICT_OBJC_MSGSEND = YES;
				ENABLE_TESTABILITY = YES;
				GCC_C_LANGUAGE_STANDARD = gnu11;
				GCC_DYNAMIC_NO_PIC = NO;
				GCC_NO_COMMON_BLOCKS = YES;
				GCC_OPTIMIZATION_LEVEL = 0;
				GCC_PREPROCESSOR_DEFINITIONS = (
					"DEBUG=1",
					"$(inherited)",
				);
				GCC_WARN_64_TO_32_BIT_CONVERSION = YES;
				GCC_WARN_ABOUT_RETURN_TYPE = YES_ERROR;
				GCC_WARN_UNDECLARED_SELECTOR = YES;
				GCC_WARN_UNINITIALIZED_AUTOS = YES_AGGRESSIVE;
				GCC_WARN_UNUSED_FUNCTION = YES;
				GCC_WARN_UNUSED_VARIABLE = YES;
				IPHONEOS_DEPLOYMENT_TARGET = 16.4;
				MTL_ENABLE_DEBUG_INFO = INCLUDE_SOURCE;
				MTL_FAST_MATH = YES;
				ONLY_ACTIVE_ARCH = YES;
				SDKROOT = iphoneos;
				SWIFT_ACTIVE_COMPILATION_CONDITIONS = DEBUG;
				SWIFT_OPTIMIZATION_LEVEL = "-Onone";
			};
			name = Debug;
		};
		9BC2261B2A0C68CB0069FDEB /* Release */ = {
			isa = XCBuildConfiguration;
			buildSettings = {
				ALWAYS_SEARCH_USER_PATHS = NO;
				CLANG_ANALYZER_NONNULL = YES;
				CLANG_ANALYZER_NUMBER_OBJECT_CONVERSION = YES_AGGRESSIVE;
				CLANG_CXX_LANGUAGE_STANDARD = "gnu++20";
				CLANG_ENABLE_MODULES = YES;
				CLANG_ENABLE_OBJC_ARC = YES;
				CLANG_ENABLE_OBJC_WEAK = YES;
				CLANG_WARN_BLOCK_CAPTURE_AUTORELEASING = YES;
				CLANG_WARN_BOOL_CONVERSION = YES;
				CLANG_WARN_COMMA = YES;
				CLANG_WARN_CONSTANT_CONVERSION = YES;
				CLANG_WARN_DEPRECATED_OBJC_IMPLEMENTATIONS = YES;
				CLANG_WARN_DIRECT_OBJC_ISA_USAGE = YES_ERROR;
				CLANG_WARN_DOCUMENTATION_COMMENTS = YES;
				CLANG_WARN_EMPTY_BODY = YES;
				CLANG_WARN_ENUM_CONVERSION = YES;
				CLANG_WARN_INFINITE_RECURSION = YES;
				CLANG_WARN_INT_CONVERSION = YES;
				CLANG_WARN_NON_LITERAL_NULL_CONVERSION = YES;
				CLANG_WARN_OBJC_IMPLICIT_RETAIN_SELF = YES;
				CLANG_WARN_OBJC_LITERAL_CONVERSION = YES;
				CLANG_WARN_OBJC_ROOT_CLASS = YES_ERROR;
				CLANG_WARN_QUOTED_INCLUDE_IN_FRAMEWORK_HEADER = YES;
				CLANG_WARN_RANGE_LOOP_ANALYSIS = YES;
				CLANG_WARN_STRICT_PROTOTYPES = YES;
				CLANG_WARN_SUSPICIOUS_MOVE = YES;
				CLANG_WARN_UNGUARDED_AVAILABILITY = YES_AGGRESSIVE;
				CLANG_WARN_UNREACHABLE_CODE = YES;
				CLANG_WARN__DUPLICATE_METHOD_MATCH = YES;
				COPY_PHASE_STRIP = NO;
				DEBUG_INFORMATION_FORMAT = "dwarf-with-dsym";
				ENABLE_NS_ASSERTIONS = NO;
				ENABLE_STRICT_OBJC_MSGSEND = YES;
				GCC_C_LANGUAGE_STANDARD = gnu11;
				GCC_NO_COMMON_BLOCKS = YES;
				GCC_WARN_64_TO_32_BIT_CONVERSION = YES;
				GCC_WARN_ABOUT_RETURN_TYPE = YES_ERROR;
				GCC_WARN_UNDECLARED_SELECTOR = YES;
				GCC_WARN_UNINITIALIZED_AUTOS = YES_AGGRESSIVE;
				GCC_WARN_UNUSED_FUNCTION = YES;
				GCC_WARN_UNUSED_VARIABLE = YES;
				IPHONEOS_DEPLOYMENT_TARGET = 16.4;
				MTL_ENABLE_DEBUG_INFO = NO;
				MTL_FAST_MATH = YES;
				SDKROOT = iphoneos;
				SWIFT_COMPILATION_MODE = wholemodule;
				SWIFT_OPTIMIZATION_LEVEL = "-O";
				VALIDATE_PRODUCT = YES;
			};
			name = Release;
		};
		9BC2261D2A0C68CB0069FDEB /* Debug */ = {
			isa = XCBuildConfiguration;
			baseConfigurationReference = 81652649BD006240B348E3B9 /* Pods-BitcoinBlockExplorer.debug.xcconfig */;
			buildSettings = {
				ASSETCATALOG_COMPILER_APPICON_NAME = AppIcon;
				ASSETCATALOG_COMPILER_GLOBAL_ACCENT_COLOR_NAME = AccentColor;
				CODE_SIGN_STYLE = Automatic;
				CURRENT_PROJECT_VERSION = 1;
				DEVELOPMENT_ASSET_PATHS = "\"BitcoinBlockExplorer/Preview Content\"";
				DEVELOPMENT_TEAM = K559Z2V9Q2;
				ENABLE_PREVIEWS = YES;
				GENERATE_INFOPLIST_FILE = YES;
				INFOPLIST_FILE = BitcoinBlockExplorer/Info.plist;
				INFOPLIST_KEY_UIApplicationSceneManifest_Generation = YES;
				INFOPLIST_KEY_UIApplicationSupportsIndirectInputEvents = YES;
				INFOPLIST_KEY_UILaunchScreen_Generation = YES;
				INFOPLIST_KEY_UIStatusBarStyle = "";
				INFOPLIST_KEY_UISupportedInterfaceOrientations = UIInterfaceOrientationPortrait;
				IPHONEOS_DEPLOYMENT_TARGET = 16.4;
				LD_RUNPATH_SEARCH_PATHS = (
					"$(inherited)",
					"@executable_path/Frameworks",
				);
				MARKETING_VERSION = 1.1.5;
				PRODUCT_BUNDLE_IDENTIFIER = VictorHugoPachecoAraujo.BitcoinBlockExplorer;
				PRODUCT_NAME = "$(TARGET_NAME)";
				SUPPORTED_PLATFORMS = "iphoneos iphonesimulator";
				SUPPORTS_MACCATALYST = NO;
				SUPPORTS_MAC_DESIGNED_FOR_IPHONE_IPAD = NO;
				SUPPORTS_XR_DESIGNED_FOR_IPHONE_IPAD = NO;
				SWIFT_EMIT_LOC_STRINGS = YES;
				SWIFT_VERSION = 5.0;
				TARGETED_DEVICE_FAMILY = 1;
			};
			name = Debug;
		};
		9BC2261E2A0C68CB0069FDEB /* Release */ = {
			isa = XCBuildConfiguration;
			baseConfigurationReference = E2FB5F46FEA11B8DE41A03DB /* Pods-BitcoinBlockExplorer.release.xcconfig */;
			buildSettings = {
				ASSETCATALOG_COMPILER_APPICON_NAME = AppIcon;
				ASSETCATALOG_COMPILER_GLOBAL_ACCENT_COLOR_NAME = AccentColor;
				CODE_SIGN_STYLE = Automatic;
				CURRENT_PROJECT_VERSION = 1;
				DEVELOPMENT_ASSET_PATHS = "\"BitcoinBlockExplorer/Preview Content\"";
				DEVELOPMENT_TEAM = K559Z2V9Q2;
				ENABLE_PREVIEWS = YES;
				GENERATE_INFOPLIST_FILE = YES;
				INFOPLIST_FILE = BitcoinBlockExplorer/Info.plist;
				INFOPLIST_KEY_UIApplicationSceneManifest_Generation = YES;
				INFOPLIST_KEY_UIApplicationSupportsIndirectInputEvents = YES;
				INFOPLIST_KEY_UILaunchScreen_Generation = YES;
				INFOPLIST_KEY_UIStatusBarStyle = "";
				INFOPLIST_KEY_UISupportedInterfaceOrientations = UIInterfaceOrientationPortrait;
				IPHONEOS_DEPLOYMENT_TARGET = 16.4;
				LD_RUNPATH_SEARCH_PATHS = (
					"$(inherited)",
					"@executable_path/Frameworks",
				);
				MARKETING_VERSION = 1.1.5;
				PRODUCT_BUNDLE_IDENTIFIER = VictorHugoPachecoAraujo.BitcoinBlockExplorer;
				PRODUCT_NAME = "$(TARGET_NAME)";
				SUPPORTED_PLATFORMS = "iphoneos iphonesimulator";
				SUPPORTS_MACCATALYST = NO;
				SUPPORTS_MAC_DESIGNED_FOR_IPHONE_IPAD = NO;
				SUPPORTS_XR_DESIGNED_FOR_IPHONE_IPAD = NO;
				SWIFT_EMIT_LOC_STRINGS = YES;
				SWIFT_VERSION = 5.0;
				TARGETED_DEVICE_FAMILY = 1;
			};
			name = Release;
		};
/* End XCBuildConfiguration section */

/* Begin XCConfigurationList section */
		9BC226092A0C68CA0069FDEB /* Build configuration list for PBXProject "BitcoinBlockExplorer" */ = {
			isa = XCConfigurationList;
			buildConfigurations = (
				9BC2261A2A0C68CB0069FDEB /* Debug */,
				9BC2261B2A0C68CB0069FDEB /* Release */,
			);
			defaultConfigurationIsVisible = 0;
			defaultConfigurationName = Release;
		};
		9BC2261C2A0C68CB0069FDEB /* Build configuration list for PBXNativeTarget "BitcoinBlockExplorer" */ = {
			isa = XCConfigurationList;
			buildConfigurations = (
				9BC2261D2A0C68CB0069FDEB /* Debug */,
				9BC2261E2A0C68CB0069FDEB /* Release */,
			);
			defaultConfigurationIsVisible = 0;
			defaultConfigurationName = Release;
		};
/* End XCConfigurationList section */
	};
	rootObject = 9BC226062A0C68CA0069FDEB /* Project object */;
}
